// !$*UTF8*$!
{
	archiveVersion = 1;
	classes = {
	};
	objectVersion = 46;
	objects = {

/* Begin PBXBuildFile section */
		936F8FDB1CC7C32400BFB259 /* main.m in Sources */ = {isa = PBXBuildFile; fileRef = 936F8FDA1CC7C32400BFB259 /* main.m */; };
		936F8FDE1CC7C32400BFB259 /* AppDelegate.m in Sources */ = {isa = PBXBuildFile; fileRef = 936F8FDD1CC7C32400BFB259 /* AppDelegate.m */; };
		936F8FE11CC7C32400BFB259 /* ViewController.m in Sources */ = {isa = PBXBuildFile; fileRef = 936F8FE01CC7C32400BFB259 /* ViewController.m */; settings = {COMPILER_FLAGS = "-fno-objc-arc"; }; };
		936F8FE41CC7C32400BFB259 /* Main.storyboard in Resources */ = {isa = PBXBuildFile; fileRef = 936F8FE21CC7C32400BFB259 /* Main.storyboard */; };
		936F8FE61CC7C32400BFB259 /* Assets.xcassets in Resources */ = {isa = PBXBuildFile; fileRef = 936F8FE51CC7C32400BFB259 /* Assets.xcassets */; };
		936F8FE91CC7C32400BFB259 /* LaunchScreen.storyboard in Resources */ = {isa = PBXBuildFile; fileRef = 936F8FE71CC7C32400BFB259 /* LaunchScreen.storyboard */; };
		936F8FF21CC7C37600BFB259 /* Person.m in Sources */ = {isa = PBXBuildFile; fileRef = 936F8FF11CC7C37600BFB259 /* Person.m */; };
/* End PBXBuildFile section */

/* Begin PBXFileReference section */
		936F8FD61CC7C32400BFB259 /* RunTimeDemo.app */ = {isa = PBXFileReference; explicitFileType = wrapper.application; includeInIndex = 0; path = RunTimeDemo.app; sourceTree = BUILT_PRODUCTS_DIR; };
		936F8FDA1CC7C32400BFB259 /* main.m */ = {isa = PBXFileReference; lastKnownFileType = sourcecode.c.objc; path = main.m; sourceTree = "<group>"; };
		936F8FDC1CC7C32400BFB259 /* AppDelegate.h */ = {isa = PBXFileReference; lastKnownFileType = sourcecode.c.h; path = AppDelegate.h; sourceTree = "<group>"; };
		936F8FDD1CC7C32400BFB259 /* AppDelegate.m */ = {isa = PBXFileReference; lastKnownFileType = sourcecode.c.objc; path = AppDelegate.m; sourceTree = "<group>"; };
		936F8FDF1CC7C32400BFB259 /* ViewController.h */ = {isa = PBXFileReference; lastKnownFileType = sourcecode.c.h; path = ViewController.h; sourceTree = "<group>"; };
		936F8FE01CC7C32400BFB259 /* ViewController.m */ = {isa = PBXFileReference; lastKnownFileType = sourcecode.c.objc; path = ViewController.m; sourceTree = "<group>"; };
		936F8FE31CC7C32400BFB259 /* Base */ = {isa = PBXFileReference; lastKnownFileType = file.storyboard; name = Base; path = Base.lproj/Main.storyboard; sourceTree = "<group>"; };
		936F8FE51CC7C32400BFB259 /* Assets.xcassets */ = {isa = PBXFileReference; lastKnownFileType = folder.assetcatalog; path = Assets.xcassets; sourceTree = "<group>"; };
		936F8FE81CC7C32400BFB259 /* Base */ = {isa = PBXFileReference; lastKnownFileType = file.storyboard; name = Base; path = Base.lproj/LaunchScreen.storyboard; sourceTree = "<group>"; };
		936F8FEA1CC7C32400BFB259 /* Info.plist */ = {isa = PBXFileReference; lastKnownFileType = text.plist.xml; path = Info.plist; sourceTree = "<group>"; };
		936F8FF01CC7C37600BFB259 /* Person.h */ = {isa = PBXFileReference; fileEncoding = 4; lastKnownFileType = sourcecode.c.h; path = Person.h; sourceTree = "<group>"; };
		936F8FF11CC7C37600BFB259 /* Person.m */ = {isa = PBXFileReference; fileEncoding = 4; lastKnownFileType = sourcecode.c.objc; path = Person.m; sourceTree = "<group>"; };
/* End PBXFileReference section */

/* Begin PBXFrameworksBuildPhase section */
		936F8FD31CC7C32400BFB259 /* Frameworks */ = {
			isa = PBXFrameworksBuildPhase;
			buildActionMask = 2147483647;
			files = (
			);
			runOnlyForDeploymentPostprocessing = 0;
		};
/* End PBXFrameworksBuildPhase section */

/* Begin PBXGroup section */
		936F8FCD1CC7C32400BFB259 = {
			isa = PBXGroup;
			children = (
				936F8FD81CC7C32400BFB259 /* RunTimeDemo */,
				936F8FD71CC7C32400BFB259 /* Products */,
			);
			sourceTree = "<group>";
		};
		936F8FD71CC7C32400BFB259 /* Products */ = {
			isa = PBXGroup;
			children = (
				936F8FD61CC7C32400BFB259 /* RunTimeDemo.app */,
			);
			name = Products;
			sourceTree = "<group>";
		};
		936F8FD81CC7C32400BFB259 /* RunTimeDemo */ = {
			isa = PBXGroup;
			children = (
				936F8FDC1CC7C32400BFB259 /* AppDelegate.h */,
				936F8FDD1CC7C32400BFB259 /* AppDelegate.m */,
				936F8FDF1CC7C32400BFB259 /* ViewController.h */,
				936F8FE01CC7C32400BFB259 /* ViewController.m */,
				936F8FF01CC7C37600BFB259 /* Person.h */,
				936F8FF11CC7C37600BFB259 /* Person.m */,
				936F8FE21CC7C32400BFB259 /* Main.storyboard */,
				936F8FE51CC7C32400BFB259 /* Assets.xcassets */,
				936F8FE71CC7C32400BFB259 /* LaunchScreen.storyboard */,
				936F8FEA1CC7C32400BFB259 /* Info.plist */,
				936F8FD91CC7C32400BFB259 /* Supporting Files */,
			);
			path = RunTimeDemo;
			sourceTree = "<group>";
		};
		936F8FD91CC7C32400BFB259 /* Supporting Files */ = {
			isa = PBXGroup;
			children = (
				936F8FDA1CC7C32400BFB259 /* main.m */,
			);
			name = "Supporting Files";
			sourceTree = "<group>";
		};
/* End PBXGroup section */

/* Begin PBXNativeTarget section */
		936F8FD51CC7C32400BFB259 /* RunTimeDemo */ = {
			isa = PBXNativeTarget;
			buildConfigurationList = 936F8FED1CC7C32400BFB259 /* Build configuration list for PBXNativeTarget "RunTimeDemo" */;
			buildPhases = (
				936F8FD21CC7C32400BFB259 /* Sources */,
				936F8FD31CC7C32400BFB259 /* Frameworks */,
				936F8FD41CC7C32400BFB259 /* Resources */,
			);
			buildRules = (
			);
			dependencies = (
			);
			name = RunTimeDemo;
			productName = RunTimeDemo;
			productReference = 936F8FD61CC7C32400BFB259 /* RunTimeDemo.app */;
			productType = "com.apple.product-type.application";
		};
/* End PBXNativeTarget section */

/* Begin PBXProject section */
		936F8FCE1CC7C32400BFB259 /* Project object */ = {
			isa = PBXProject;
			attributes = {
				LastUpgradeCheck = 0730;
				ORGANIZATIONNAME = xietao3;
				TargetAttributes = {
					936F8FD51CC7C32400BFB259 = {
						CreatedOnToolsVersion = 7.3;
					};
				};
			};
			buildConfigurationList = 936F8FD11CC7C32400BFB259 /* Build configuration list for PBXProject "RunTimeDemo" */;
			compatibilityVersion = "Xcode 3.2";
			developmentRegion = English;
			hasScannedForEncodings = 0;
			knownRegions = (
				en,
				Base,
			);
			mainGroup = 936F8FCD1CC7C32400BFB259;
			productRefGroup = 936F8FD71CC7C32400BFB259 /* Products */;
			projectDirPath = "";
			projectRoot = "";
			targets = (
				936F8FD51CC7C32400BFB259 /* RunTimeDemo */,
			);
		};
/* End PBXProject section */

/* Begin PBXResourcesBuildPhase section */
		936F8FD41CC7C32400BFB259 /* Resources */ = {
			isa = PBXResourcesBuildPhase;
			buildActionMask = 2147483647;
			files = (
				936F8FE91CC7C32400BFB259 /* LaunchScreen.storyboard in Resources */,
				936F8FE61CC7C32400BFB259 /* Assets.xcassets in Resources */,
				936F8FE41CC7C32400BFB259 /* Main.storyboard in Resources */,
			);
			runOnlyForDeploymentPostprocessing = 0;
		};
/* End PBXResourcesBuildPhase section */

/* Begin PBXSourcesBuildPhase section */
		936F8FD21CC7C32400BFB259 /* Sources */ = {
			isa = PBXSourcesBuildPhase;
			buildActionMask = 2147483647;
			files = (
				936F8FE11CC7C32400BFB259 /* ViewController.m in Sources */,
				936F8FDE1CC7C32400BFB259 /* AppDelegate.m in Sources */,
				936F8FF21CC7C37600BFB259 /* Person.m in Sources */,
				936F8FDB1CC7C32400BFB259 /* main.m in Sources */,
			);
			runOnlyForDeploymentPostprocessing = 0;
		};
/* End PBXSourcesBuildPhase section */

/* Begin PBXVariantGroup section */
		936F8FE21CC7C32400BFB259 /* Main.storyboard */ = {
			isa = PBXVariantGroup;
			children = (
				936F8FE31CC7C32400BFB259 /* Base */,
			);
			name = Main.storyboard;
			sourceTree = "<group>";
		};
		936F8FE71CC7C32400BFB259 /* LaunchScreen.storyboard */ = {
			isa = PBXVariantGroup;
			children = (
				936F8FE81CC7C32400BFB259 /* Base */,
			);
			name = LaunchScreen.storyboard;
			sourceTree = "<group>";
		};
/* End PBXVariantGroup section */

/* Begin XCBuildConfiguration section */
		936F8FEB1CC7C32400BFB259 /* Debug */ = {
			isa = XCBuildConfiguration;
			buildSettings = {
				ALWAYS_SEARCH_USER_PATHS = NO;
				CLANG_ANALYZER_NONNULL = YES;
				CLANG_CXX_LANGUAGE_STANDARD = "gnu++0x";
				CLANG_CXX_LIBRARY = "libc++";
				CLANG_ENABLE_MODULES = YES;
				CLANG_ENABLE_OBJC_ARC = YES;
				CLANG_WARN_BOOL_CONVERSION = YES;
				CLANG_WARN_CONSTANT_CONVERSION = YES;
				CLANG_WARN_DIRECT_OBJC_ISA_USAGE = YES_ERROR;
				CLANG_WARN_EMPTY_BODY = YES;
				CLANG_WARN_ENUM_CONVERSION = YES;
				CLANG_WARN_INT_CONVERSION = YES;
				CLANG_WARN_OBJC_ROOT_CLASS = YES_ERROR;
				CLANG_WARN_UNREACHABLE_CODE = YES;
				CLANG_WARN__DUPLICATE_METHOD_MATCH = YES;
				"CODE_SIGN_IDENTITY[sdk=iphoneos*]" = "iPhone Developer";
				COPY_PHASE_STRIP = NO;
				DEBUG_INFORMATION_FORMAT = dwarf;
				ENABLE_STRICT_OBJC_MSGSEND = NO;
				ENABLE_TESTABILITY = YES;
				GCC_C_LANGUAGE_STANDARD = gnu99;
				GCC_DYNAMIC_NO_PIC = NO;
				GCC_NO_COMMON_BLOCKS = YES;
				GCC_OPTIMIZATION_LEVEL = 0;
				GCC_PREPROCESSOR_DEFINITIONS = (
					"DEBUG=1",
					"$(inherited)",
				);
				GCC_WARN_64_TO_32_BIT_CONVERSION = YES;
				GCC_WARN_ABOUT_RETURN_TYPE = YES_ERROR;
				GCC_WARN_UNDECLARED_SELECTOR = YES;
				GCC_WARN_UNINITIALIZED_AUTOS = YES_AGGRESSIVE;
				GCC_WARN_UNUSED_FUNCTION = YES;
				GCC_WARN_UNUSED_VARIABLE = YES;
				IPHONEOS_DEPLOYMENT_TARGET = 9.3;
				MTL_ENABLE_DEBUG_INFO = YES;
				ONLY_ACTIVE_ARCH = YES;
				SDKROOT = iphoneos;
			};
			name = Debug;
		};
		936F8FEC1CC7C32400BFB259 /* Release */ = {
			isa = XCBuildConfiguration;
			buildSettings = {
				ALWAYS_SEARCH_USER_PATHS = NO;
				CLANG_ANALYZER_NONNULL = YES;
				CLANG_CXX_LANGUAGE_STANDARD = "gnu++0x";
				CLANG_CXX_LIBRARY = "libc++";
				CLANG_ENABLE_MODULES = YES;
				CLANG_ENABLE_OBJC_ARC = YES;
				CLANG_WARN_BOOL_CONVERSION = YES;
				CLANG_WARN_CONSTANT_CONVERSION = YES;
				CLANG_WARN_DIRECT_OBJC_ISA_USAGE = YES_ERROR;
				CLANG_WARN_EMPTY_BODY = YES;
				CLANG_WARN_ENUM_CONVERSION = YES;
				CLANG_WARN_INT_CONVERSION = YES;
				CLANG_WARN_OBJC_ROOT_CLASS = YES_ERROR;
				CLANG_WARN_UNREACHABLE_CODE = YES;
				CLANG_WARN__DUPLICATE_METHOD_MATCH = YES;
				"CODE_SIGN_IDENTITY[sdk=iphoneos*]" = "iPhone Developer";
				COPY_PHASE_STRIP = NO;
				DEBUG_INFORMATION_FORMAT = "dwarf-with-dsym";
				ENABLE_NS_ASSERTIONS = NO;
				ENABLE_STRICT_OBJC_MSGSEND = NO;
				GCC_C_LANGUAGE_STANDARD = gnu99;
				GCC_NO_COMMON_BLOCKS = YES;
				GCC_WARN_64_TO_32_BIT_CONVERSION = YES;
				GCC_WARN_ABOUT_RETURN_TYPE = YES_ERROR;
				GCC_WARN_UNDECLARED_SELECTOR = YES;
				GCC_WARN_UNINITIALIZED_AUTOS = YES_AGGRESSIVE;
				GCC_WARN_UNUSED_FUNCTION = YES;
				GCC_WARN_UNUSED_VARIABLE = YES;
				IPHONEOS_DEPLOYMENT_TARGET = 9.3;
				MTL_ENABLE_DEBUG_INFO = NO;
				SDKROOT = iphoneos;
				VALIDATE_PRODUCT = YES;
			};
			name = Release;
		};
		936F8FEE1CC7C32400BFB259 /* Debug */ = {
			isa = XCBuildConfiguration;
			buildSettings = {
				ASSETCATALOG_COMPILER_APPICON_NAME = AppIcon;
				INFOPLIST_FILE = RunTimeDemo/Info.plist;
				LD_RUNPATH_SEARCH_PATHS = "$(inherited) @executable_path/Frameworks";
				PRODUCT_BUNDLE_IDENTIFIER = com.xietao3.RunTimeDemo;
				PRODUCT_NAME = "$(TARGET_NAME)";
			};
			name = Debug;
		};
		936F8FEF1CC7C32400BFB259 /* Release */ = {
			isa = XCBuildConfiguration;
			buildSettings = {
				ASSETCATALOG_COMPILER_APPICON_NAME = AppIcon;
				INFOPLIST_FILE = RunTimeDemo/Info.plist;
				LD_RUNPATH_SEARCH_PATHS = "$(inherited) @executable_path/Frameworks";
				PRODUCT_BUNDLE_IDENTIFIER = com.xietao3.RunTimeDemo;
				PRODUCT_NAME = "$(TARGET_NAME)";
			};
			name = Release;
		};
/* End XCBuildConfiguration section */

/* Begin XCConfigurationList section */
		936F8FD11CC7C32400BFB259 /* Build configuration list for PBXProject "RunTimeDemo" */ = {
			isa = XCConfigurationList;
			buildConfigurations = (
				936F8FEB1CC7C32400BFB259 /* Debug */,
				936F8FEC1CC7C32400BFB259 /* Release */,
			);
			defaultConfigurationIsVisible = 0;
			defaultConfigurationName = Release;
		};
		936F8FED1CC7C32400BFB259 /* Build configuration list for PBXNativeTarget "RunTimeDemo" */ = {
			isa = XCConfigurationList;
			buildConfigurations = (
				936F8FEE1CC7C32400BFB259 /* Debug */,
				936F8FEF1CC7C32400BFB259 /* Release */,
			);
			defaultConfigurationIsVisible = 0;
			defaultConfigurationName = Release;
		};
/* End XCConfigurationList section */
	};
	rootObject = 936F8FCE1CC7C32400BFB259 /* Project object */;
}
